
Microsoft Visual Studio Solution File, Format Version 12.00
# Visual Studio Version 16
VisualStudioVersion = 16.0.29123.89
MinimumVisualStudioVersion = 10.0.40219.1
Project("{2150E333-8FDC-42A3-9474-1A3956D46DE8}") = "Solution Items", "Solution Items", "{679C079A-8B9D-4697-8555-5E516FA9640D}"
	ProjectSection(SolutionItems) = preProject
		.editorconfig = .editorconfig
		.gitignore = .gitignore
		azure-pipelines.yml = azure-pipelines.yml
		LICENSE.txt = LICENSE.txt
		README.md = README.md
	EndProjectSection
EndProject
Project("{2150E333-8FDC-42A3-9474-1A3956D46DE8}") = "Library", "Library", "{291BBC04-6E76-4630-A16B-4D9EE453A645}"
EndProject
Project("{9A19103F-16F7-4668-BE54-9A1E7A4F7556}") = "Ocean", "Source\Ocean\Ocean.csproj", "{0C12896F-12A3-4946-AD96-BB0A21E02709}"
EndProject
Project("{9A19103F-16F7-4668-BE54-9A1E7A4F7556}") = "Ocean.Tests", "Source\Ocean.Tests\Ocean.Tests.csproj", "{C59D87F4-1ABE-4725-9C8A-77C0517E5D76}"
EndProject
Project("{2150E333-8FDC-42A3-9474-1A3956D46DE8}") = "Sandbox", "Sandbox", "{25306CF4-C425-4344-9BBD-799C5DECA3ED}"
EndProject
Project("{9A19103F-16F7-4668-BE54-9A1E7A4F7556}") = "Ocean.Blazor", "Source\Ocean.Blazor\Ocean.Blazor.csproj", "{F4E6BFBF-DFE5-4779-85BD-C2A59029CF27}"
EndProject
Project("{9A19103F-16F7-4668-BE54-9A1E7A4F7556}") = "ConsoleApp", "Sandbox\ConsoleApp\ConsoleApp.csproj", "{8F3CDCD9-B6B6-427E-B103-0035A160FF0E}"
EndProject
Project("{9A19103F-16F7-4668-BE54-9A1E7A4F7556}") = "WPFApp", "Sandbox\WPFApp\WPFApp.csproj", "{AF50BCAF-78B7-45DA-8B98-61613990A4AB}"
EndProject
Project("{9A19103F-16F7-4668-BE54-9A1E7A4F7556}") = "BlazorServerSideApp", "Sandbox\BlazorServerSideApp\BlazorServerSideApp.csproj", "{3C7E1777-9714-4051-8C25-A422D38E858A}"
EndProject
Project("{9A19103F-16F7-4668-BE54-9A1E7A4F7556}") = "BlazorClientSideApp", "Sandbox\BlazorClientSideApp\BlazorClientSideApp.csproj", "{8B504357-25BB-4A2B-87ED-466772768C47}"
EndProject
Project("{9A19103F-16F7-4668-BE54-9A1E7A4F7556}") = "BlazorAppShared", "Sandbox\BlazorAppShared\BlazorAppShared.csproj", "{98CD0A30-A854-4F8E-8C09-ED6D91B01ECA}"
EndProject
Global
	GlobalSection(SolutionConfigurationPlatforms) = preSolution
		Debug|Any CPU = Debug|Any CPU
		Release|Any CPU = Release|Any CPU
	EndGlobalSection
	GlobalSection(ProjectConfigurationPlatforms) = postSolution
		{0C12896F-12A3-4946-AD96-BB0A21E02709}.Debug|Any CPU.ActiveCfg = Debug|Any CPU
		{0C12896F-12A3-4946-AD96-BB0A21E02709}.Debug|Any CPU.Build.0 = Debug|Any CPU
		{0C12896F-12A3-4946-AD96-BB0A21E02709}.Release|Any CPU.ActiveCfg = Release|Any CPU
		{0C12896F-12A3-4946-AD96-BB0A21E02709}.Release|Any CPU.Build.0 = Release|Any CPU
		{C59D87F4-1ABE-4725-9C8A-77C0517E5D76}.Debug|Any CPU.ActiveCfg = Debug|Any CPU
		{C59D87F4-1ABE-4725-9C8A-77C0517E5D76}.Debug|Any CPU.Build.0 = Debug|Any CPU
		{C59D87F4-1ABE-4725-9C8A-77C0517E5D76}.Release|Any CPU.ActiveCfg = Release|Any CPU
		{C59D87F4-1ABE-4725-9C8A-77C0517E5D76}.Release|Any CPU.Build.0 = Release|Any CPU
		{F4E6BFBF-DFE5-4779-85BD-C2A59029CF27}.Debug|Any CPU.ActiveCfg = Debug|Any CPU
		{F4E6BFBF-DFE5-4779-85BD-C2A59029CF27}.Debug|Any CPU.Build.0 = Debug|Any CPU
		{F4E6BFBF-DFE5-4779-85BD-C2A59029CF27}.Release|Any CPU.ActiveCfg = Release|Any CPU
		{F4E6BFBF-DFE5-4779-85BD-C2A59029CF27}.Release|Any CPU.Build.0 = Release|Any CPU
		{8F3CDCD9-B6B6-427E-B103-0035A160FF0E}.Debug|Any CPU.ActiveCfg = Debug|Any CPU
		{8F3CDCD9-B6B6-427E-B103-0035A160FF0E}.Debug|Any CPU.Build.0 = Debug|Any CPU
		{8F3CDCD9-B6B6-427E-B103-0035A160FF0E}.Release|Any CPU.ActiveCfg = Release|Any CPU
		{8F3CDCD9-B6B6-427E-B103-0035A160FF0E}.Release|Any CPU.Build.0 = Release|Any CPU
		{AF50BCAF-78B7-45DA-8B98-61613990A4AB}.Debug|Any CPU.ActiveCfg = Debug|Any CPU
		{AF50BCAF-78B7-45DA-8B98-61613990A4AB}.Debug|Any CPU.Build.0 = Debug|Any CPU
		{AF50BCAF-78B7-45DA-8B98-61613990A4AB}.Release|Any CPU.ActiveCfg = Release|Any CPU
		{AF50BCAF-78B7-45DA-8B98-61613990A4AB}.Release|Any CPU.Build.0 = Release|Any CPU
		{3C7E1777-9714-4051-8C25-A422D38E858A}.Debug|Any CPU.ActiveCfg = Debug|Any CPU
		{3C7E1777-9714-4051-8C25-A422D38E858A}.Debug|Any CPU.Build.0 = Debug|Any CPU
		{3C7E1777-9714-4051-8C25-A422D38E858A}.Release|Any CPU.ActiveCfg = Release|Any CPU
		{3C7E1777-9714-4051-8C25-A422D38E858A}.Release|Any CPU.Build.0 = Release|Any CPU
		{8B504357-25BB-4A2B-87ED-466772768C47}.Debug|Any CPU.ActiveCfg = Debug|Any CPU
		{8B504357-25BB-4A2B-87ED-466772768C47}.Debug|Any CPU.Build.0 = Debug|Any CPU
		{8B504357-25BB-4A2B-87ED-466772768C47}.Release|Any CPU.ActiveCfg = Release|Any CPU
		{8B504357-25BB-4A2B-87ED-466772768C47}.Release|Any CPU.Build.0 = Release|Any CPU
		{98CD0A30-A854-4F8E-8C09-ED6D91B01ECA}.Debug|Any CPU.ActiveCfg = Debug|Any CPU
		{98CD0A30-A854-4F8E-8C09-ED6D91B01ECA}.Debug|Any CPU.Build.0 = Debug|Any CPU
		{98CD0A30-A854-4F8E-8C09-ED6D91B01ECA}.Release|Any CPU.ActiveCfg = Release|Any CPU
		{98CD0A30-A854-4F8E-8C09-ED6D91B01ECA}.Release|Any CPU.Build.0 = Release|Any CPU
	EndGlobalSection
	GlobalSection(SolutionProperties) = preSolution
		HideSolutionNode = FALSE
	EndGlobalSection
	GlobalSection(NestedProjects) = preSolution
		{0C12896F-12A3-4946-AD96-BB0A21E02709} = {291BBC04-6E76-4630-A16B-4D9EE453A645}
		{C59D87F4-1ABE-4725-9C8A-77C0517E5D76} = {291BBC04-6E76-4630-A16B-4D9EE453A645}
		{F4E6BFBF-DFE5-4779-85BD-C2A59029CF27} = {291BBC04-6E76-4630-A16B-4D9EE453A645}
		{8F3CDCD9-B6B6-427E-B103-0035A160FF0E} = {25306CF4-C425-4344-9BBD-799C5DECA3ED}
		{AF50BCAF-78B7-45DA-8B98-61613990A4AB} = {25306CF4-C425-4344-9BBD-799C5DECA3ED}
		{3C7E1777-9714-4051-8C25-A422D38E858A} = {25306CF4-C425-4344-9BBD-799C5DECA3ED}
		{8B504357-25BB-4A2B-87ED-466772768C47} = {25306CF4-C425-4344-9BBD-799C5DECA3ED}
		{98CD0A30-A854-4F8E-8C09-ED6D91B01ECA} = {25306CF4-C425-4344-9BBD-799C5DECA3ED}
	EndGlobalSection
	GlobalSection(ExtensibilityGlobals) = postSolution
		SolutionGuid = {27893875-474A-4E45-AB05-766AA9E37259}
	EndGlobalSection
EndGlobal
